
Microsoft Visual Studio Solution File, Format Version 12.00
# Visual Studio 15
VisualStudioVersion = 15.0.28010.2041
MinimumVisualStudioVersion = 10.0.40219.1
Project("{FAE04EC0-301F-11D3-BF4B-00C04F79EFBC}") = "Framework.Impersonation", "Framework.Impersonation\Framework.Impersonation.csproj", "{E871E407-EDB4-499F-B889-1FC69480F209}"
EndProject
Global
	GlobalSection(SolutionConfigurationPlatforms) = preSolution
		Debug|Any CPU = Debug|Any CPU
		Release|Any CPU = Release|Any CPU
	EndGlobalSection
	GlobalSection(ProjectConfigurationPlatforms) = postSolution
		{E871E407-EDB4-499F-B889-1FC69480F209}.Debug|Any CPU.ActiveCfg = Debug|Any CPU
		{E871E407-EDB4-499F-B889-1FC69480F209}.Debug|Any CPU.Build.0 = Debug|Any CPU
		{E871E407-EDB4-499F-B889-1FC69480F209}.Release|Any CPU.ActiveCfg = Release|Any CPU
		{E871E407-EDB4-499F-B889-1FC69480F209}.Release|Any CPU.Build.0 = Release|Any CPU
	EndGlobalSection
	GlobalSection(SolutionProperties) = preSolution
		HideSolutionNode = FALSE
	EndGlobalSection
	GlobalSection(ExtensibilityGlobals) = postSolution
		SolutionGuid = {4C755014-ADF8-47E0-A51F-E3C258D45E62}
	EndGlobalSection
EndGlobal
